
Microsoft Visual Studio Solution File, Format Version 12.00
# Visual Studio Version 16
VisualStudioVersion = 16.0.32407.337
MinimumVisualStudioVersion = 10.0.40219.1
Project("{FAE04EC0-301F-11D3-BF4B-00C04F79EFBC}") = "DXCWebapplication1", "DXCWebapplication1\DXCWebapplication1.csproj", "{CB20E928-06FB-4D37-8881-6CD74F2CF6D3}"
EndProject
Global
	GlobalSection(SolutionConfigurationPlatforms) = preSolution
		Debug|Any CPU = Debug|Any CPU
		Release|Any CPU = Release|Any CPU
	EndGlobalSection
	GlobalSection(ProjectConfigurationPlatforms) = postSolution
		{CB20E928-06FB-4D37-8881-6CD74F2CF6D3}.Debug|Any CPU.ActiveCfg = Debug|Any CPU
		{CB20E928-06FB-4D37-8881-6CD74F2CF6D3}.Debug|Any CPU.Build.0 = Debug|Any CPU
		{CB20E928-06FB-4D37-8881-6CD74F2CF6D3}.Release|Any CPU.ActiveCfg = Release|Any CPU
		{CB20E928-06FB-4D37-8881-6CD74F2CF6D3}.Release|Any CPU.Build.0 = Release|Any CPU
	EndGlobalSection
	GlobalSection(SolutionProperties) = preSolution
		HideSolutionNode = FALSE
	EndGlobalSection
	GlobalSection(ExtensibilityGlobals) = postSolution
		SolutionGuid = {62DDDCEA-043A-4349-92DF-E1A610BEDAC4}
	EndGlobalSection
EndGlobal
